{
  "name": "tic-tac-toe",
  "version": "1.0.0",
  "lockfileVersion": 2,
  "requires": true,
  "packages": {
    "": {
      "name": "tic-tac-toe",
      "version": "1.0.0",
      "license": "ISC",
      "dependencies": {
        "server": "github:ritikabhosale/server"
      }
    },
    "node_modules/server": {
      "version": "1.0.0",
      "resolved": "git+ssh://git@github.com/ritikabhosale/server.git#df2631df7263597e593dad180a02b45dab39b5c6",
      "license": "ISC"
    }
  },
  "dependencies": {
    "server": {
      "version": "git+ssh://git@github.com/ritikabhosale/server.git#df2631df7263597e593dad180a02b45dab39b5c6",
      "from": "server@https://github.com/ritikabhosale/server"
    }
  }
}
